
Microsoft Visual Studio Solution File, Format Version 12.00
# Visual Studio Version 17
VisualStudioVersion = 17.4.33103.184
MinimumVisualStudioVersion = 10.0.40219.1
Project("{9A19103F-16F7-4668-BE54-9A1E7A4F7556}") = "RomanCalculator.Console", "RomanCalculator.Console\RomanCalculator.Console.csproj", "{852F43E1-48BD-4BFB-972E-797DE32206CE}"
EndProject
Project("{9A19103F-16F7-4668-BE54-9A1E7A4F7556}") = "RomanCalculator", "RomanCalculator\RomanCalculator.csproj", "{31DD26F6-8568-4E4A-B149-0111FEC77E29}"
EndProject
Project("{9A19103F-16F7-4668-BE54-9A1E7A4F7556}") = "RomanCalculator.Tests", "RomanCalculator.Tests\RomanCalculator.Tests.csproj", "{2EAE22C2-980A-49BC-AA16-EBFA311F11CB}"
EndProject
Project("{9A19103F-16F7-4668-BE54-9A1E7A4F7556}") = "RomanCalculator.Core", "RomanCalculator.Core\RomanCalculator.Core.csproj", "{FE605C6F-1B00-424A-BE9E-758CFEE5A668}"
EndProject
Project("{FAE04EC0-301F-11D3-BF4B-00C04F79EFBC}") = "RomanCalculator.Extensions.DependencyInjection", "RomanCalculator.Extensions.DependencyInjection\RomanCalculator.Extensions.DependencyInjection.csproj", "{C72A7D52-3762-49E7-97BB-F60EE08CBE7B}"
EndProject
Global
	GlobalSection(SolutionConfigurationPlatforms) = preSolution
		Debug|Any CPU = Debug|Any CPU
		Release|Any CPU = Release|Any CPU
	EndGlobalSection
	GlobalSection(ProjectConfigurationPlatforms) = postSolution
		{852F43E1-48BD-4BFB-972E-797DE32206CE}.Debug|Any CPU.ActiveCfg = Debug|Any CPU
		{852F43E1-48BD-4BFB-972E-797DE32206CE}.Debug|Any CPU.Build.0 = Debug|Any CPU
		{852F43E1-48BD-4BFB-972E-797DE32206CE}.Release|Any CPU.ActiveCfg = Release|Any CPU
		{852F43E1-48BD-4BFB-972E-797DE32206CE}.Release|Any CPU.Build.0 = Release|Any CPU
		{31DD26F6-8568-4E4A-B149-0111FEC77E29}.Debug|Any CPU.ActiveCfg = Debug|Any CPU
		{31DD26F6-8568-4E4A-B149-0111FEC77E29}.Debug|Any CPU.Build.0 = Debug|Any CPU
		{31DD26F6-8568-4E4A-B149-0111FEC77E29}.Release|Any CPU.ActiveCfg = Release|Any CPU
		{31DD26F6-8568-4E4A-B149-0111FEC77E29}.Release|Any CPU.Build.0 = Release|Any CPU
		{2EAE22C2-980A-49BC-AA16-EBFA311F11CB}.Debug|Any CPU.ActiveCfg = Debug|Any CPU
		{2EAE22C2-980A-49BC-AA16-EBFA311F11CB}.Debug|Any CPU.Build.0 = Debug|Any CPU
		{2EAE22C2-980A-49BC-AA16-EBFA311F11CB}.Release|Any CPU.ActiveCfg = Release|Any CPU
		{2EAE22C2-980A-49BC-AA16-EBFA311F11CB}.Release|Any CPU.Build.0 = Release|Any CPU
		{FE605C6F-1B00-424A-BE9E-758CFEE5A668}.Debug|Any CPU.ActiveCfg = Debug|Any CPU
		{FE605C6F-1B00-424A-BE9E-758CFEE5A668}.Debug|Any CPU.Build.0 = Debug|Any CPU
		{FE605C6F-1B00-424A-BE9E-758CFEE5A668}.Release|Any CPU.ActiveCfg = Release|Any CPU
		{FE605C6F-1B00-424A-BE9E-758CFEE5A668}.Release|Any CPU.Build.0 = Release|Any CPU
		{C72A7D52-3762-49E7-97BB-F60EE08CBE7B}.Debug|Any CPU.ActiveCfg = Debug|Any CPU
		{C72A7D52-3762-49E7-97BB-F60EE08CBE7B}.Debug|Any CPU.Build.0 = Debug|Any CPU
		{C72A7D52-3762-49E7-97BB-F60EE08CBE7B}.Release|Any CPU.ActiveCfg = Release|Any CPU
		{C72A7D52-3762-49E7-97BB-F60EE08CBE7B}.Release|Any CPU.Build.0 = Release|Any CPU
	EndGlobalSection
	GlobalSection(SolutionProperties) = preSolution
		HideSolutionNode = FALSE
	EndGlobalSection
	GlobalSection(ExtensibilityGlobals) = postSolution
		SolutionGuid = {47D0000F-B28A-43AA-83EA-83E1D852D422}
	EndGlobalSection
EndGlobal
